
Microsoft Visual Studio Solution File, Format Version 12.00
# Visual Studio 15
VisualStudioVersion = 15.0.26430.16
MinimumVisualStudioVersion = 10.0.40219.1
Project("{FAE04EC0-301F-11D3-BF4B-00C04F79EFBC}") = "HimalayanHolidays", "HimalayanHolidays\HimalayanHolidays.csproj", "{5F4FA209-5F74-4213-935A-F31882D581E5}"
EndProject
Project("{FAE04EC0-301F-11D3-BF4B-00C04F79EFBC}") = "HimalayanHolidays.Tests", "HimalayanHolidays.Tests\HimalayanHolidays.Tests.csproj", "{49308913-6345-4F3F-920E-059935425520}"
EndProject
Project("{FAE04EC0-301F-11D3-BF4B-00C04F79EFBC}") = "Sitecore.Extension", "Sitecore.Extension\Sitecore.Extension.csproj", "{0F512F1B-2555-459C-80D0-09DF4E1D50D7}"
EndProject
Global
	GlobalSection(SolutionConfigurationPlatforms) = preSolution
		Debug|Any CPU = Debug|Any CPU
		Release|Any CPU = Release|Any CPU
	EndGlobalSection
	GlobalSection(ProjectConfigurationPlatforms) = postSolution
		{5F4FA209-5F74-4213-935A-F31882D581E5}.Debug|Any CPU.ActiveCfg = Debug|Any CPU
		{5F4FA209-5F74-4213-935A-F31882D581E5}.Debug|Any CPU.Build.0 = Debug|Any CPU
		{5F4FA209-5F74-4213-935A-F31882D581E5}.Release|Any CPU.ActiveCfg = Release|Any CPU
		{5F4FA209-5F74-4213-935A-F31882D581E5}.Release|Any CPU.Build.0 = Release|Any CPU
		{49308913-6345-4F3F-920E-059935425520}.Debug|Any CPU.ActiveCfg = Debug|Any CPU
		{49308913-6345-4F3F-920E-059935425520}.Debug|Any CPU.Build.0 = Debug|Any CPU
		{49308913-6345-4F3F-920E-059935425520}.Release|Any CPU.ActiveCfg = Release|Any CPU
		{49308913-6345-4F3F-920E-059935425520}.Release|Any CPU.Build.0 = Release|Any CPU
		{0F512F1B-2555-459C-80D0-09DF4E1D50D7}.Debug|Any CPU.ActiveCfg = Debug|Any CPU
		{0F512F1B-2555-459C-80D0-09DF4E1D50D7}.Debug|Any CPU.Build.0 = Debug|Any CPU
		{0F512F1B-2555-459C-80D0-09DF4E1D50D7}.Release|Any CPU.ActiveCfg = Release|Any CPU
		{0F512F1B-2555-459C-80D0-09DF4E1D50D7}.Release|Any CPU.Build.0 = Release|Any CPU
	EndGlobalSection
	GlobalSection(SolutionProperties) = preSolution
		HideSolutionNode = FALSE
	EndGlobalSection
EndGlobal
